// !$*UTF8*$!
{
	archiveVersion = 1;
	classes = {
	};
	objectVersion = 46;
	objects = {

/* Begin PBXBuildFile section */
		098C7A73142650A3008FB019 /* UIKit.framework in Frameworks */ = {isa = PBXBuildFile; fileRef = 098C7A72142650A3008FB019 /* UIKit.framework */; };
		098C7A75142650A3008FB019 /* Foundation.framework in Frameworks */ = {isa = PBXBuildFile; fileRef = 098C7A74142650A3008FB019 /* Foundation.framework */; };
		098C7A77142650A3008FB019 /* CoreGraphics.framework in Frameworks */ = {isa = PBXBuildFile; fileRef = 098C7A76142650A3008FB019 /* CoreGraphics.framework */; };
		098C7A7D142650A3008FB019 /* InfoPlist.strings in Resources */ = {isa = PBXBuildFile; fileRef = 098C7A7B142650A3008FB019 /* InfoPlist.strings */; };
		098C7A80142650A3008FB019 /* main.m in Sources */ = {isa = PBXBuildFile; fileRef = 098C7A7F142650A3008FB019 /* main.m */; };
		098C7A83142650A3008FB019 /* HelloOpenGLAppDelegate.m in Sources */ = {isa = PBXBuildFile; fileRef = 098C7A82142650A3008FB019 /* HelloOpenGLAppDelegate.m */; };
		098C7A86142650A3008FB019 /* MainWindow.xib in Resources */ = {isa = PBXBuildFile; fileRef = 098C7A84142650A3008FB019 /* MainWindow.xib */; };
/* End PBXBuildFile section */

/* Begin PBXFileReference section */
		098C7A6E142650A3008FB019 /* HelloOpenGL.app */ = {isa = PBXFileReference; explicitFileType = wrapper.application; includeInIndex = 0; path = HelloOpenGL.app; sourceTree = BUILT_PRODUCTS_DIR; };
		098C7A72142650A3008FB019 /* UIKit.framework */ = {isa = PBXFileReference; lastKnownFileType = wrapper.framework; name = UIKit.framework; path = System/Library/Frameworks/UIKit.framework; sourceTree = SDKROOT; };
		098C7A74142650A3008FB019 /* Foundation.framework */ = {isa = PBXFileReference; lastKnownFileType = wrapper.framework; name = Foundation.framework; path = System/Library/Frameworks/Foundation.framework; sourceTree = SDKROOT; };
		098C7A76142650A3008FB019 /* CoreGraphics.framework */ = {isa = PBXFileReference; lastKnownFileType = wrapper.framework; name = CoreGraphics.framework; path = System/Library/Frameworks/CoreGraphics.framework; sourceTree = SDKROOT; };
		098C7A7A142650A3008FB019 /* HelloOpenGL-Info.plist */ = {isa = PBXFileReference; path = "HelloOpenGL-Info.plist"; sourceTree = "<group>"; };
		098C7A7C142650A3008FB019 /* en */ = {isa = PBXFileReference; lastKnownFileType = text.plist.strings; name = en; path = en.lproj/InfoPlist.strings; sourceTree = "<group>"; };
		098C7A7E142650A3008FB019 /* HelloOpenGL-Prefix.pch */ = {isa = PBXFileReference; path = "HelloOpenGL-Prefix.pch"; sourceTree = "<group>"; };
		098C7A7F142650A3008FB019 /* main.m */ = {isa = PBXFileReference; lastKnownFileType = sourcecode.c.objc; path = main.m; sourceTree = "<group>"; };
		098C7A81142650A3008FB019 /* HelloOpenGLAppDelegate.h */ = {isa = PBXFileReference; path = HelloOpenGLAppDelegate.h; sourceTree = "<group>"; };
		098C7A82142650A3008FB019 /* HelloOpenGLAppDelegate.m */ = {isa = PBXFileReference; lastKnownFileType = sourcecode.c.objc; path = HelloOpenGLAppDelegate.m; sourceTree = "<group>"; };
		098C7A85142650A3008FB019 /* en */ = {isa = PBXFileReference; lastKnownFileType = file.xib; name = en; path = en.lproj/MainWindow.xib; sourceTree = "<group>"; };
/* End PBXFileReference section */

/* Begin PBXFrameworksBuildPhase section */
		098C7A6B142650A3008FB019 /* Frameworks */ = {
			isa = PBXFrameworksBuildPhase;
			buildActionMask = 2147483647;
			files = (
				098C7A73142650A3008FB019 /* UIKit.framework in Frameworks */,
				098C7A75142650A3008FB019 /* Foundation.framework in Frameworks */,
				098C7A77142650A3008FB019 /* CoreGraphics.framework in Frameworks */,
			);
			runOnlyForDeploymentPostprocessing = 0;
		};
/* End PBXFrameworksBuildPhase section */

/* Begin PBXGroup section */
		098C7A63142650A3008FB019 = {
			isa = PBXGroup;
			children = (
				098C7A78142650A3008FB019 /* HelloOpenGL */,
				098C7A71142650A3008FB019 /* Frameworks */,
				098C7A6F142650A3008FB019 /* Products */,
			);
			sourceTree = "<group>";
		};
		098C7A6F142650A3008FB019 /* Products */ = {
			isa = PBXGroup;
			children = (
				098C7A6E142650A3008FB019 /* HelloOpenGL.app */,
			);
			name = Products;
			sourceTree = "<group>";
		};
		098C7A71142650A3008FB019 /* Frameworks */ = {
			isa = PBXGroup;
			children = (
				098C7A72142650A3008FB019 /* UIKit.framework */,
				098C7A74142650A3008FB019 /* Foundation.framework */,
				098C7A76142650A3008FB019 /* CoreGraphics.framework */,
			);
			name = Frameworks;
			sourceTree = "<group>";
		};
		098C7A78142650A3008FB019 /* HelloOpenGL */ = {
			isa = PBXGroup;
			children = (
				098C7A81142650A3008FB019 /* HelloOpenGLAppDelegate.h */,
				098C7A82142650A3008FB019 /* HelloOpenGLAppDelegate.m */,
				098C7A84142650A3008FB019 /* MainWindow.xib */,
				098C7A79142650A3008FB019 /* Supporting Files */,
			);
			path = HelloOpenGL;
			sourceTree = "<group>";
		};
		098C7A79142650A3008FB019 /* Supporting Files */ = {
			isa = PBXGroup;
			children = (
				098C7A7A142650A3008FB019 /* HelloOpenGL-Info.plist */,
				098C7A7B142650A3008FB019 /* InfoPlist.strings */,
				098C7A7E142650A3008FB019 /* HelloOpenGL-Prefix.pch */,
				098C7A7F142650A3008FB019 /* main.m */,
			);
			name = "Supporting Files";
			sourceTree = "<group>";
		};
/* End PBXGroup section */

/* Begin PBXNativeTarget section */
		098C7A6D142650A3008FB019 /* HelloOpenGL */ = {
			isa = PBXNativeTarget;
			buildConfigurationList = 098C7A89142650A3008FB019 /* Build configuration list for PBXNativeTarget "HelloOpenGL" */;
			buildPhases = (
				098C7A6A142650A3008FB019 /* Sources */,
				098C7A6B142650A3008FB019 /* Frameworks */,
				098C7A6C142650A3008FB019 /* Resources */,
			);
			buildRules = (
			);
			dependencies = (
			);
			name = HelloOpenGL;
			productName = HelloOpenGL;
			productReference = 098C7A6E142650A3008FB019 /* HelloOpenGL.app */;
			productType = "com.apple.product-type.application";
		};
/* End PBXNativeTarget section */

/* Begin PBXProject section */
		098C7A65142650A3008FB019 /* Project object */ = {
			isa = PBXProject;
			buildConfigurationList = 098C7A68142650A3008FB019 /* Build configuration list for PBXProject "HelloOpenGL" */;
			compatibilityVersion = "Xcode 3.2";
			developmentRegion = English;
			hasScannedForEncodings = 0;
			knownRegions = (
				en,
			);
			mainGroup = 098C7A63142650A3008FB019;
			productRefGroup = 098C7A6F142650A3008FB019 /* Products */;
			projectDirPath = "";
			projectRoot = "";
			targets = (
				098C7A6D142650A3008FB019 /* HelloOpenGL */,
			);
		};
/* End PBXProject section */

/* Begin PBXResourcesBuildPhase section */
		098C7A6C142650A3008FB019 /* Resources */ = {
			isa = PBXResourcesBuildPhase;
			buildActionMask = 2147483647;
			files = (
				098C7A7D142650A3008FB019 /* InfoPlist.strings in Resources */,
				098C7A86142650A3008FB019 /* MainWindow.xib in Resources */,
			);
			runOnlyForDeploymentPostprocessing = 0;
		};
/* End PBXResourcesBuildPhase section */

/* Begin PBXSourcesBuildPhase section */
		098C7A6A142650A3008FB019 /* Sources */ = {
			isa = PBXSourcesBuildPhase;
			buildActionMask = 2147483647;
			files = (
				098C7A80142650A3008FB019 /* main.m in Sources */,
				098C7A83142650A3008FB019 /* HelloOpenGLAppDelegate.m in Sources */,
			);
			runOnlyForDeploymentPostprocessing = 0;
		};
/* End PBXSourcesBuildPhase section */

/* Begin PBXVariantGroup section */
		098C7A7B142650A3008FB019 /* InfoPlist.strings */ = {
			isa = PBXVariantGroup;
			children = (
				098C7A7C142650A3008FB019 /* en */,
			);
			name = InfoPlist.strings;
			sourceTree = "<group>";
		};
		098C7A84142650A3008FB019 /* MainWindow.xib */ = {
			isa = PBXVariantGroup;
			children = (
				098C7A85142650A3008FB019 /* en */,
			);
			name = MainWindow.xib;
			sourceTree = "<group>";
		};
/* End PBXVariantGroup section */

/* Begin XCBuildConfiguration section */
		098C7A87142650A3008FB019 /* Debug */ = {
			isa = XCBuildConfiguration;
			buildSettings = {
				ARCHS = "$(ARCHS_STANDARD_32_BIT)";
				"CODE_SIGN_IDENTITY[sdk=iphoneos*]" = "iPhone Developer";
				GCC_C_LANGUAGE_STANDARD = gnu99;
				GCC_OPTIMIZATION_LEVEL = 0;
				GCC_PREPROCESSOR_DEFINITIONS = DEBUG;
				GCC_SYMBOLS_PRIVATE_EXTERN = NO;
				GCC_VERSION = com.apple.compilers.llvmgcc42;
				GCC_WARN_ABOUT_RETURN_TYPE = YES;
				GCC_WARN_UNUSED_VARIABLE = YES;
				IPHONEOS_DEPLOYMENT_TARGET = 4.3;
				SDKROOT = iphoneos;
			};
			name = Debug;
		};
		098C7A88142650A3008FB019 /* Release */ = {
			isa = XCBuildConfiguration;
			buildSettings = {
				ARCHS = "$(ARCHS_STANDARD_32_BIT)";
				"CODE_SIGN_IDENTITY[sdk=iphoneos*]" = "iPhone Developer";
				GCC_C_LANGUAGE_STANDARD = gnu99;
				GCC_VERSION = com.apple.compilers.llvmgcc42;
				GCC_WARN_ABOUT_RETURN_TYPE = YES;
				GCC_WARN_UNUSED_VARIABLE = YES;
				IPHONEOS_DEPLOYMENT_TARGET = 4.3;
				OTHER_CFLAGS = "-DNS_BLOCK_ASSERTIONS=1";
				SDKROOT = iphoneos;
			};
			name = Release;
		};
		098C7A8A142650A3008FB019 /* Debug */ = {
			isa = XCBuildConfiguration;
			buildSettings = {
				ALWAYS_SEARCH_USER_PATHS = NO;
				COPY_PHASE_STRIP = NO;
				GCC_DYNAMIC_NO_PIC = NO;
				GCC_PRECOMPILE_PREFIX_HEADER = YES;
				GCC_PREFIX_HEADER = "HelloOpenGL/HelloOpenGL-Prefix.pch";
				INFOPLIST_FILE = "HelloOpenGL/HelloOpenGL-Info.plist";
				PRODUCT_NAME = "$(TARGET_NAME)";
				WRAPPER_EXTENSION = app;
			};
			name = Debug;
		};
		098C7A8B142650A3008FB019 /* Release */ = {
			isa = XCBuildConfiguration;
			buildSettings = {
				ALWAYS_SEARCH_USER_PATHS = NO;
				COPY_PHASE_STRIP = YES;
				GCC_PRECOMPILE_PREFIX_HEADER = YES;
				GCC_PREFIX_HEADER = "HelloOpenGL/HelloOpenGL-Prefix.pch";
				INFOPLIST_FILE = "HelloOpenGL/HelloOpenGL-Info.plist";
				PRODUCT_NAME = "$(TARGET_NAME)";
				VALIDATE_PRODUCT = YES;
				WRAPPER_EXTENSION = app;
			};
			name = Release;
		};
/* End XCBuildConfiguration section */

/* Begin XCConfigurationList section */
		098C7A68142650A3008FB019 /* Build configuration list for PBXProject "HelloOpenGL" */ = {
			isa = XCConfigurationList;
			buildConfigurations = (
				098C7A87142650A3008FB019 /* Debug */,
				098C7A88142650A3008FB019 /* Release */,
			);
			defaultConfigurationIsVisible = 0;
			defaultConfigurationName = Release;
		};
		098C7A89142650A3008FB019 /* Build configuration list for PBXNativeTarget "HelloOpenGL" */ = {
			isa = XCConfigurationList;
			buildConfigurations = (
				098C7A8A142650A3008FB019 /* Debug */,
				098C7A8B142650A3008FB019 /* Release */,
			);
			defaultConfigurationIsVisible = 0;
		};
/* End XCConfigurationList section */
	};
	rootObject = 098C7A65142650A3008FB019 /* Project object */;
}
